
Microsoft Visual Studio Solution File, Format Version 12.00
# Visual Studio Version 17
VisualStudioVersion = 17.9.34622.214
MinimumVisualStudioVersion = 10.0.40219.1
Project("{FAE04EC0-301F-11D3-BF4B-00C04F79EFBC}") = "ExercicioLinq", "ExercicioLinq\ExercicioLinq.csproj", "{54CEB1C8-3B13-4B68-9E10-BCE0C9D43CBB}"
EndProject
Global
	GlobalSection(SolutionConfigurationPlatforms) = preSolution
		Debug|Any CPU = Debug|Any CPU
		Release|Any CPU = Release|Any CPU
	EndGlobalSection
	GlobalSection(ProjectConfigurationPlatforms) = postSolution
		{54CEB1C8-3B13-4B68-9E10-BCE0C9D43CBB}.Debug|Any CPU.ActiveCfg = Debug|Any CPU
		{54CEB1C8-3B13-4B68-9E10-BCE0C9D43CBB}.Debug|Any CPU.Build.0 = Debug|Any CPU
		{54CEB1C8-3B13-4B68-9E10-BCE0C9D43CBB}.Release|Any CPU.ActiveCfg = Release|Any CPU
		{54CEB1C8-3B13-4B68-9E10-BCE0C9D43CBB}.Release|Any CPU.Build.0 = Release|Any CPU
	EndGlobalSection
	GlobalSection(SolutionProperties) = preSolution
		HideSolutionNode = FALSE
	EndGlobalSection
	GlobalSection(ExtensibilityGlobals) = postSolution
		SolutionGuid = {91914478-18FF-4FF2-8F20-50442027DCBC}
	EndGlobalSection
EndGlobal
